// !$*UTF8*$!
{
	archiveVersion = 1;
	classes = {
	};
	objectVersion = 48;
	objects = {

/* Begin PBXBuildFile section */
		2F59E28C1F98A6BE00763F51 /* OCR.mlmodel in Sources */ = {isa = PBXBuildFile; fileRef = 2F59E28B1F98A6BE00763F51 /* OCR.mlmodel */; };
		2FC22E131F95D34000C79308 /* AppDelegate.swift in Sources */ = {isa = PBXBuildFile; fileRef = 2FC22E121F95D34000C79308 /* AppDelegate.swift */; };
		2FC22E151F95D34000C79308 /* ViewController.swift in Sources */ = {isa = PBXBuildFile; fileRef = 2FC22E141F95D34000C79308 /* ViewController.swift */; };
		2FC22E181F95D34000C79308 /* Main.storyboard in Resources */ = {isa = PBXBuildFile; fileRef = 2FC22E161F95D34000C79308 /* Main.storyboard */; };
		2FC22E1A1F95D34000C79308 /* Assets.xcassets in Resources */ = {isa = PBXBuildFile; fileRef = 2FC22E191F95D34000C79308 /* Assets.xcassets */; };
		2FC22E1D1F95D34000C79308 /* LaunchScreen.storyboard in Resources */ = {isa = PBXBuildFile; fileRef = 2FC22E1B1F95D34000C79308 /* LaunchScreen.storyboard */; };
		2FC22E261F95D3B100C79308 /* Sample1.png in Resources */ = {isa = PBXBuildFile; fileRef = 2FC22E241F95D39E00C79308 /* Sample1.png */; };
		2FC22E2A1F95F0AF00C79308 /* Sample2.png in Resources */ = {isa = PBXBuildFile; fileRef = 2FC22E291F95F0AD00C79308 /* Sample2.png */; };
		2FC22E2C1F95F69900C79308 /* Sample3.png in Resources */ = {isa = PBXBuildFile; fileRef = 2FC22E2B1F95F69600C79308 /* Sample3.png */; };
/* End PBXBuildFile section */

/* Begin PBXFileReference section */
		2F59E28B1F98A6BE00763F51 /* OCR.mlmodel */ = {isa = PBXFileReference; lastKnownFileType = file.mlmodel; path = OCR.mlmodel; sourceTree = "<group>"; };
		2FC22E0F1F95D34000C79308 /* Part2.app */ = {isa = PBXFileReference; explicitFileType = wrapper.application; includeInIndex = 0; path = Part2.app; sourceTree = BUILT_PRODUCTS_DIR; };
		2FC22E121F95D34000C79308 /* AppDelegate.swift */ = {isa = PBXFileReference; lastKnownFileType = sourcecode.swift; path = AppDelegate.swift; sourceTree = "<group>"; };
		2FC22E141F95D34000C79308 /* ViewController.swift */ = {isa = PBXFileReference; lastKnownFileType = sourcecode.swift; path = ViewController.swift; sourceTree = "<group>"; };
		2FC22E171F95D34000C79308 /* Base */ = {isa = PBXFileReference; lastKnownFileType = file.storyboard; name = Base; path = Base.lproj/Main.storyboard; sourceTree = "<group>"; };
		2FC22E191F95D34000C79308 /* Assets.xcassets */ = {isa = PBXFileReference; lastKnownFileType = folder.assetcatalog; path = Assets.xcassets; sourceTree = "<group>"; };
		2FC22E1C1F95D34000C79308 /* Base */ = {isa = PBXFileReference; lastKnownFileType = file.storyboard; name = Base; path = Base.lproj/LaunchScreen.storyboard; sourceTree = "<group>"; };
		2FC22E1E1F95D34000C79308 /* Info.plist */ = {isa = PBXFileReference; lastKnownFileType = text.plist.xml; path = Info.plist; sourceTree = "<group>"; };
		2FC22E241F95D39E00C79308 /* Sample1.png */ = {isa = PBXFileReference; lastKnownFileType = image.png; path = Sample1.png; sourceTree = "<group>"; };
		2FC22E291F95F0AD00C79308 /* Sample2.png */ = {isa = PBXFileReference; lastKnownFileType = image.png; path = Sample2.png; sourceTree = "<group>"; };
		2FC22E2B1F95F69600C79308 /* Sample3.png */ = {isa = PBXFileReference; lastKnownFileType = image.png; path = Sample3.png; sourceTree = "<group>"; };
/* End PBXFileReference section */

/* Begin PBXFrameworksBuildPhase section */
		2FC22E0C1F95D34000C79308 /* Frameworks */ = {
			isa = PBXFrameworksBuildPhase;
			buildActionMask = 2147483647;
			files = (
			);
			runOnlyForDeploymentPostprocessing = 0;
		};
/* End PBXFrameworksBuildPhase section */

/* Begin PBXGroup section */
		2FC22E061F95D34000C79308 = {
			isa = PBXGroup;
			children = (
				2FC22E111F95D34000C79308 /* Part2 */,
				2FC22E101F95D34000C79308 /* Products */,
			);
			sourceTree = "<group>";
		};
		2FC22E101F95D34000C79308 /* Products */ = {
			isa = PBXGroup;
			children = (
				2FC22E0F1F95D34000C79308 /* Part2.app */,
			);
			name = Products;
			sourceTree = "<group>";
		};
		2FC22E111F95D34000C79308 /* Part2 */ = {
			isa = PBXGroup;
			children = (
				2F59E28B1F98A6BE00763F51 /* OCR.mlmodel */,
				2FC22E251F95D3A800C79308 /* Images */,
				2FC22E121F95D34000C79308 /* AppDelegate.swift */,
				2FC22E141F95D34000C79308 /* ViewController.swift */,
				2FC22E161F95D34000C79308 /* Main.storyboard */,
				2FC22E191F95D34000C79308 /* Assets.xcassets */,
				2FC22E1B1F95D34000C79308 /* LaunchScreen.storyboard */,
				2FC22E1E1F95D34000C79308 /* Info.plist */,
			);
			path = Part2;
			sourceTree = "<group>";
		};
		2FC22E251F95D3A800C79308 /* Images */ = {
			isa = PBXGroup;
			children = (
				2FC22E241F95D39E00C79308 /* Sample1.png */,
				2FC22E291F95F0AD00C79308 /* Sample2.png */,
				2FC22E2B1F95F69600C79308 /* Sample3.png */,
			);
			path = Images;
			sourceTree = "<group>";
		};
/* End PBXGroup section */

/* Begin PBXNativeTarget section */
		2FC22E0E1F95D34000C79308 /* Part2 */ = {
			isa = PBXNativeTarget;
			buildConfigurationList = 2FC22E211F95D34000C79308 /* Build configuration list for PBXNativeTarget "Part2" */;
			buildPhases = (
				2FC22E0B1F95D34000C79308 /* Sources */,
				2FC22E0C1F95D34000C79308 /* Frameworks */,
				2FC22E0D1F95D34000C79308 /* Resources */,
			);
			buildRules = (
			);
			dependencies = (
			);
			name = Part2;
			productName = Part2;
			productReference = 2FC22E0F1F95D34000C79308 /* Part2.app */;
			productType = "com.apple.product-type.application";
		};
/* End PBXNativeTarget section */

/* Begin PBXProject section */
		2FC22E071F95D34000C79308 /* Project object */ = {
			isa = PBXProject;
			attributes = {
				LastSwiftUpdateCheck = 0900;
				LastUpgradeCheck = 0900;
				ORGANIZATIONNAME = DrNeurosurg;
				TargetAttributes = {
					2FC22E0E1F95D34000C79308 = {
						CreatedOnToolsVersion = 9.0;
						ProvisioningStyle = Automatic;
					};
				};
			};
			buildConfigurationList = 2FC22E0A1F95D34000C79308 /* Build configuration list for PBXProject "Part2" */;
			compatibilityVersion = "Xcode 8.0";
			developmentRegion = en;
			hasScannedForEncodings = 0;
			knownRegions = (
				en,
				Base,
			);
			mainGroup = 2FC22E061F95D34000C79308;
			productRefGroup = 2FC22E101F95D34000C79308 /* Products */;
			projectDirPath = "";
			projectRoot = "";
			targets = (
				2FC22E0E1F95D34000C79308 /* Part2 */,
			);
		};
/* End PBXProject section */

/* Begin PBXResourcesBuildPhase section */
		2FC22E0D1F95D34000C79308 /* Resources */ = {
			isa = PBXResourcesBuildPhase;
			buildActionMask = 2147483647;
			files = (
				2FC22E1D1F95D34000C79308 /* LaunchScreen.storyboard in Resources */,
				2FC22E261F95D3B100C79308 /* Sample1.png in Resources */,
				2FC22E1A1F95D34000C79308 /* Assets.xcassets in Resources */,
				2FC22E2A1F95F0AF00C79308 /* Sample2.png in Resources */,
				2FC22E181F95D34000C79308 /* Main.storyboard in Resources */,
				2FC22E2C1F95F69900C79308 /* Sample3.png in Resources */,
			);
			runOnlyForDeploymentPostprocessing = 0;
		};
/* End PBXResourcesBuildPhase section */

/* Begin PBXSourcesBuildPhase section */
		2FC22E0B1F95D34000C79308 /* Sources */ = {
			isa = PBXSourcesBuildPhase;
			buildActionMask = 2147483647;
			files = (
				2FC22E151F95D34000C79308 /* ViewController.swift in Sources */,
				2FC22E131F95D34000C79308 /* AppDelegate.swift in Sources */,
				2F59E28C1F98A6BE00763F51 /* OCR.mlmodel in Sources */,
			);
			runOnlyForDeploymentPostprocessing = 0;
		};
/* End PBXSourcesBuildPhase section */

/* Begin PBXVariantGroup section */
		2FC22E161F95D34000C79308 /* Main.storyboard */ = {
			isa = PBXVariantGroup;
			children = (
				2FC22E171F95D34000C79308 /* Base */,
			);
			name = Main.storyboard;
			sourceTree = "<group>";
		};
		2FC22E1B1F95D34000C79308 /* LaunchScreen.storyboard */ = {
			isa = PBXVariantGroup;
			children = (
				2FC22E1C1F95D34000C79308 /* Base */,
			);
			name = LaunchScreen.storyboard;
			sourceTree = "<group>";
		};
/* End PBXVariantGroup section */

/* Begin XCBuildConfiguration section */
		2FC22E1F1F95D34000C79308 /* Debug */ = {
			isa = XCBuildConfiguration;
			buildSettings = {
				ALWAYS_SEARCH_USER_PATHS = NO;
				CLANG_ANALYZER_NONNULL = YES;
				CLANG_ANALYZER_NUMBER_OBJECT_CONVERSION = YES_AGGRESSIVE;
				CLANG_CXX_LANGUAGE_STANDARD = "gnu++14";
				CLANG_CXX_LIBRARY = "libc++";
				CLANG_ENABLE_MODULES = YES;
				CLANG_ENABLE_OBJC_ARC = YES;
				CLANG_WARN_BLOCK_CAPTURE_AUTORELEASING = YES;
				CLANG_WARN_BOOL_CONVERSION = YES;
				CLANG_WARN_COMMA = YES;
				CLANG_WARN_CONSTANT_CONVERSION = YES;
				CLANG_WARN_DIRECT_OBJC_ISA_USAGE = YES_ERROR;
				CLANG_WARN_DOCUMENTATION_COMMENTS = YES;
				CLANG_WARN_EMPTY_BODY = YES;
				CLANG_WARN_ENUM_CONVERSION = YES;
				CLANG_WARN_INFINITE_RECURSION = YES;
				CLANG_WARN_INT_CONVERSION = YES;
				CLANG_WARN_NON_LITERAL_NULL_CONVERSION = YES;
				CLANG_WARN_OBJC_LITERAL_CONVERSION = YES;
				CLANG_WARN_OBJC_ROOT_CLASS = YES_ERROR;
				CLANG_WARN_RANGE_LOOP_ANALYSIS = YES;
				CLANG_WARN_STRICT_PROTOTYPES = YES;
				CLANG_WARN_SUSPICIOUS_MOVE = YES;
				CLANG_WARN_UNGUARDED_AVAILABILITY = YES_AGGRESSIVE;
				CLANG_WARN_UNREACHABLE_CODE = YES;
				CLANG_WARN__DUPLICATE_METHOD_MATCH = YES;
				CODE_SIGN_IDENTITY = "iPhone Developer";
				COPY_PHASE_STRIP = NO;
				DEBUG_INFORMATION_FORMAT = dwarf;
				ENABLE_STRICT_OBJC_MSGSEND = YES;
				ENABLE_TESTABILITY = YES;
				GCC_C_LANGUAGE_STANDARD = gnu11;
				GCC_DYNAMIC_NO_PIC = NO;
				GCC_NO_COMMON_BLOCKS = YES;
				GCC_OPTIMIZATION_LEVEL = 0;
				GCC_PREPROCESSOR_DEFINITIONS = (
					"DEBUG=1",
					"$(inherited)",
				);
				GCC_WARN_64_TO_32_BIT_CONVERSION = YES;
				GCC_WARN_ABOUT_RETURN_TYPE = YES_ERROR;
				GCC_WARN_UNDECLARED_SELECTOR = YES;
				GCC_WARN_UNINITIALIZED_AUTOS = YES_AGGRESSIVE;
				GCC_WARN_UNUSED_FUNCTION = YES;
				GCC_WARN_UNUSED_VARIABLE = YES;
				IPHONEOS_DEPLOYMENT_TARGET = 11.0;
				MTL_ENABLE_DEBUG_INFO = YES;
				ONLY_ACTIVE_ARCH = YES;
				SDKROOT = iphoneos;
				SWIFT_ACTIVE_COMPILATION_CONDITIONS = DEBUG;
				SWIFT_OPTIMIZATION_LEVEL = "-Onone";
			};
			name = Debug;
		};
		2FC22E201F95D34000C79308 /* Release */ = {
			isa = XCBuildConfiguration;
			buildSettings = {
				ALWAYS_SEARCH_USER_PATHS = NO;
				CLANG_ANALYZER_NONNULL = YES;
				CLANG_ANALYZER_NUMBER_OBJECT_CONVERSION = YES_AGGRESSIVE;
				CLANG_CXX_LANGUAGE_STANDARD = "gnu++14";
				CLANG_CXX_LIBRARY = "libc++";
				CLANG_ENABLE_MODULES = YES;
				CLANG_ENABLE_OBJC_ARC = YES;
				CLANG_WARN_BLOCK_CAPTURE_AUTORELEASING = YES;
				CLANG_WARN_BOOL_CONVERSION = YES;
				CLANG_WARN_COMMA = YES;
				CLANG_WARN_CONSTANT_CONVERSION = YES;
				CLANG_WARN_DIRECT_OBJC_ISA_USAGE = YES_ERROR;
				CLANG_WARN_DOCUMENTATION_COMMENTS = YES;
				CLANG_WARN_EMPTY_BODY = YES;
				CLANG_WARN_ENUM_CONVERSION = YES;
				CLANG_WARN_INFINITE_RECURSION = YES;
				CLANG_WARN_INT_CONVERSION = YES;
				CLANG_WARN_NON_LITERAL_NULL_CONVERSION = YES;
				CLANG_WARN_OBJC_LITERAL_CONVERSION = YES;
				CLANG_WARN_OBJC_ROOT_CLASS = YES_ERROR;
				CLANG_WARN_RANGE_LOOP_ANALYSIS = YES;
				CLANG_WARN_STRICT_PROTOTYPES = YES;
				CLANG_WARN_SUSPICIOUS_MOVE = YES;
				CLANG_WARN_UNGUARDED_AVAILABILITY = YES_AGGRESSIVE;
				CLANG_WARN_UNREACHABLE_CODE = YES;
				CLANG_WARN__DUPLICATE_METHOD_MATCH = YES;
				CODE_SIGN_IDENTITY = "iPhone Developer";
				COPY_PHASE_STRIP = NO;
				DEBUG_INFORMATION_FORMAT = "dwarf-with-dsym";
				ENABLE_NS_ASSERTIONS = NO;
				ENABLE_STRICT_OBJC_MSGSEND = YES;
				GCC_C_LANGUAGE_STANDARD = gnu11;
				GCC_NO_COMMON_BLOCKS = YES;
				GCC_WARN_64_TO_32_BIT_CONVERSION = YES;
				GCC_WARN_ABOUT_RETURN_TYPE = YES_ERROR;
				GCC_WARN_UNDECLARED_SELECTOR = YES;
				GCC_WARN_UNINITIALIZED_AUTOS = YES_AGGRESSIVE;
				GCC_WARN_UNUSED_FUNCTION = YES;
				GCC_WARN_UNUSED_VARIABLE = YES;
				IPHONEOS_DEPLOYMENT_TARGET = 11.0;
				MTL_ENABLE_DEBUG_INFO = NO;
				SDKROOT = iphoneos;
				SWIFT_OPTIMIZATION_LEVEL = "-Owholemodule";
				VALIDATE_PRODUCT = YES;
			};
			name = Release;
		};
		2FC22E221F95D34000C79308 /* Debug */ = {
			isa = XCBuildConfiguration;
			buildSettings = {
				ASSETCATALOG_COMPILER_APPICON_NAME = AppIcon;
				CODE_SIGN_STYLE = Automatic;
				DEVELOPMENT_TEAM = 46W25C8KDG;
				INFOPLIST_FILE = Part2/Info.plist;
				LD_RUNPATH_SEARCH_PATHS = "$(inherited) @executable_path/Frameworks";
				PRODUCT_BUNDLE_IDENTIFIER = de.neurosurg.VisionOCR.Part2;
				PRODUCT_NAME = "$(TARGET_NAME)";
				SWIFT_VERSION = 4.0;
				TARGETED_DEVICE_FAMILY = "1,2";
			};
			name = Debug;
		};
		2FC22E231F95D34000C79308 /* Release */ = {
			isa = XCBuildConfiguration;
			buildSettings = {
				ASSETCATALOG_COMPILER_APPICON_NAME = AppIcon;
				CODE_SIGN_STYLE = Automatic;
				DEVELOPMENT_TEAM = 46W25C8KDG;
				INFOPLIST_FILE = Part2/Info.plist;
				LD_RUNPATH_SEARCH_PATHS = "$(inherited) @executable_path/Frameworks";
				PRODUCT_BUNDLE_IDENTIFIER = de.neurosurg.VisionOCR.Part2;
				PRODUCT_NAME = "$(TARGET_NAME)";
				SWIFT_VERSION = 4.0;
				TARGETED_DEVICE_FAMILY = "1,2";
			};
			name = Release;
		};
/* End XCBuildConfiguration section */

/* Begin XCConfigurationList section */
		2FC22E0A1F95D34000C79308 /* Build configuration list for PBXProject "Part2" */ = {
			isa = XCConfigurationList;
			buildConfigurations = (
				2FC22E1F1F95D34000C79308 /* Debug */,
				2FC22E201F95D34000C79308 /* Release */,
			);
			defaultConfigurationIsVisible = 0;
			defaultConfigurationName = Release;
		};
		2FC22E211F95D34000C79308 /* Build configuration list for PBXNativeTarget "Part2" */ = {
			isa = XCConfigurationList;
			buildConfigurations = (
				2FC22E221F95D34000C79308 /* Debug */,
				2FC22E231F95D34000C79308 /* Release */,
			);
			defaultConfigurationIsVisible = 0;
			defaultConfigurationName = Release;
		};
/* End XCConfigurationList section */
	};
	rootObject = 2FC22E071F95D34000C79308 /* Project object */;
}
